// !$*UTF8*$!
{
	archiveVersion = 1;
	classes = {
	};
	objectVersion = 50;
	objects = {

/* Begin PBXBuildFile section */
		3AB1690D2343DFD100D268B9 /* AppDelegate.swift in Sources */ = {isa = PBXBuildFile; fileRef = 3AB1690C2343DFD100D268B9 /* AppDelegate.swift */; };
		3AB1690F2343DFD100D268B9 /* SceneDelegate.swift in Sources */ = {isa = PBXBuildFile; fileRef = 3AB1690E2343DFD100D268B9 /* SceneDelegate.swift */; };
		3AB169112343DFD100D268B9 /* ViewController.swift in Sources */ = {isa = PBXBuildFile; fileRef = 3AB169102343DFD100D268B9 /* ViewController.swift */; };
		3AB169142343DFD100D268B9 /* Main.storyboard in Resources */ = {isa = PBXBuildFile; fileRef = 3AB169122343DFD100D268B9 /* Main.storyboard */; };
		3AB169162343DFD300D268B9 /* Assets.xcassets in Resources */ = {isa = PBXBuildFile; fileRef = 3AB169152343DFD300D268B9 /* Assets.xcassets */; };
		3AB169192343DFD300D268B9 /* LaunchScreen.storyboard in Resources */ = {isa = PBXBuildFile; fileRef = 3AB169172343DFD300D268B9 /* LaunchScreen.storyboard */; };
		3AB169242343DFD300D268B9 /* imagePickerLabTests.swift in Sources */ = {isa = PBXBuildFile; fileRef = 3AB169232343DFD300D268B9 /* imagePickerLabTests.swift */; };
		3AB1692F2343DFD300D268B9 /* imagePickerLabUITests.swift in Sources */ = {isa = PBXBuildFile; fileRef = 3AB1692E2343DFD300D268B9 /* imagePickerLabUITests.swift */; };
/* End PBXBuildFile section */

/* Begin PBXContainerItemProxy section */
		3AB169202343DFD300D268B9 /* PBXContainerItemProxy */ = {
			isa = PBXContainerItemProxy;
			containerPortal = 3AB169012343DFD100D268B9 /* Project object */;
			proxyType = 1;
			remoteGlobalIDString = 3AB169082343DFD100D268B9;
			remoteInfo = imagePickerLab;
		};
		3AB1692B2343DFD300D268B9 /* PBXContainerItemProxy */ = {
			isa = PBXContainerItemProxy;
			containerPortal = 3AB169012343DFD100D268B9 /* Project object */;
			proxyType = 1;
			remoteGlobalIDString = 3AB169082343DFD100D268B9;
			remoteInfo = imagePickerLab;
		};
/* End PBXContainerItemProxy section */

/* Begin PBXFileReference section */
		3AB169092343DFD100D268B9 /* imagePickerLab.app */ = {isa = PBXFileReference; explicitFileType = wrapper.application; includeInIndex = 0; path = imagePickerLab.app; sourceTree = BUILT_PRODUCTS_DIR; };
		3AB1690C2343DFD100D268B9 /* AppDelegate.swift */ = {isa = PBXFileReference; lastKnownFileType = sourcecode.swift; path = AppDelegate.swift; sourceTree = "<group>"; };
		3AB1690E2343DFD100D268B9 /* SceneDelegate.swift */ = {isa = PBXFileReference; lastKnownFileType = sourcecode.swift; path = SceneDelegate.swift; sourceTree = "<group>"; };
		3AB169102343DFD100D268B9 /* ViewController.swift */ = {isa = PBXFileReference; lastKnownFileType = sourcecode.swift; path = ViewController.swift; sourceTree = "<group>"; };
		3AB169132343DFD100D268B9 /* Base */ = {isa = PBXFileReference; lastKnownFileType = file.storyboard; name = Base; path = Base.lproj/Main.storyboard; sourceTree = "<group>"; };
		3AB169152343DFD300D268B9 /* Assets.xcassets */ = {isa = PBXFileReference; lastKnownFileType = folder.assetcatalog; path = Assets.xcassets; sourceTree = "<group>"; };
		3AB169182343DFD300D268B9 /* Base */ = {isa = PBXFileReference; lastKnownFileType = file.storyboard; name = Base; path = Base.lproj/LaunchScreen.storyboard; sourceTree = "<group>"; };
		3AB1691A2343DFD300D268B9 /* Info.plist */ = {isa = PBXFileReference; lastKnownFileType = text.plist.xml; path = Info.plist; sourceTree = "<group>"; };
		3AB1691F2343DFD300D268B9 /* imagePickerLabTests.xctest */ = {isa = PBXFileReference; explicitFileType = wrapper.cfbundle; includeInIndex = 0; path = imagePickerLabTests.xctest; sourceTree = BUILT_PRODUCTS_DIR; };
		3AB169232343DFD300D268B9 /* imagePickerLabTests.swift */ = {isa = PBXFileReference; lastKnownFileType = sourcecode.swift; path = imagePickerLabTests.swift; sourceTree = "<group>"; };
		3AB169252343DFD300D268B9 /* Info.plist */ = {isa = PBXFileReference; lastKnownFileType = text.plist.xml; path = Info.plist; sourceTree = "<group>"; };
		3AB1692A2343DFD300D268B9 /* imagePickerLabUITests.xctest */ = {isa = PBXFileReference; explicitFileType = wrapper.cfbundle; includeInIndex = 0; path = imagePickerLabUITests.xctest; sourceTree = BUILT_PRODUCTS_DIR; };
		3AB1692E2343DFD300D268B9 /* imagePickerLabUITests.swift */ = {isa = PBXFileReference; lastKnownFileType = sourcecode.swift; path = imagePickerLabUITests.swift; sourceTree = "<group>"; };
		3AB169302343DFD300D268B9 /* Info.plist */ = {isa = PBXFileReference; lastKnownFileType = text.plist.xml; path = Info.plist; sourceTree = "<group>"; };
/* End PBXFileReference section */

/* Begin PBXFrameworksBuildPhase section */
		3AB169062343DFD100D268B9 /* Frameworks */ = {
			isa = PBXFrameworksBuildPhase;
			buildActionMask = 2147483647;
			files = (
			);
			runOnlyForDeploymentPostprocessing = 0;
		};
		3AB1691C2343DFD300D268B9 /* Frameworks */ = {
			isa = PBXFrameworksBuildPhase;
			buildActionMask = 2147483647;
			files = (
			);
			runOnlyForDeploymentPostprocessing = 0;
		};
		3AB169272343DFD300D268B9 /* Frameworks */ = {
			isa = PBXFrameworksBuildPhase;
			buildActionMask = 2147483647;
			files = (
			);
			runOnlyForDeploymentPostprocessing = 0;
		};
/* End PBXFrameworksBuildPhase section */

/* Begin PBXGroup section */
		3AB169002343DFD100D268B9 = {
			isa = PBXGroup;
			children = (
				3AB1690B2343DFD100D268B9 /* imagePickerLab */,
				3AB169222343DFD300D268B9 /* imagePickerLabTests */,
				3AB1692D2343DFD300D268B9 /* imagePickerLabUITests */,
				3AB1690A2343DFD100D268B9 /* Products */,
			);
			sourceTree = "<group>";
		};
		3AB1690A2343DFD100D268B9 /* Products */ = {
			isa = PBXGroup;
			children = (
				3AB169092343DFD100D268B9 /* imagePickerLab.app */,
				3AB1691F2343DFD300D268B9 /* imagePickerLabTests.xctest */,
				3AB1692A2343DFD300D268B9 /* imagePickerLabUITests.xctest */,
			);
			name = Products;
			sourceTree = "<group>";
		};
		3AB1690B2343DFD100D268B9 /* imagePickerLab */ = {
			isa = PBXGroup;
			children = (
				3AB1690C2343DFD100D268B9 /* AppDelegate.swift */,
				3AB1690E2343DFD100D268B9 /* SceneDelegate.swift */,
				3AB169102343DFD100D268B9 /* ViewController.swift */,
				3AB169122343DFD100D268B9 /* Main.storyboard */,
				3AB169152343DFD300D268B9 /* Assets.xcassets */,
				3AB169172343DFD300D268B9 /* LaunchScreen.storyboard */,
				3AB1691A2343DFD300D268B9 /* Info.plist */,
			);
			path = imagePickerLab;
			sourceTree = "<group>";
		};
		3AB169222343DFD300D268B9 /* imagePickerLabTests */ = {
			isa = PBXGroup;
			children = (
				3AB169232343DFD300D268B9 /* imagePickerLabTests.swift */,
				3AB169252343DFD300D268B9 /* Info.plist */,
			);
			path = imagePickerLabTests;
			sourceTree = "<group>";
		};
		3AB1692D2343DFD300D268B9 /* imagePickerLabUITests */ = {
			isa = PBXGroup;
			children = (
				3AB1692E2343DFD300D268B9 /* imagePickerLabUITests.swift */,
				3AB169302343DFD300D268B9 /* Info.plist */,
			);
			path = imagePickerLabUITests;
			sourceTree = "<group>";
		};
/* End PBXGroup section */

/* Begin PBXNativeTarget section */
		3AB169082343DFD100D268B9 /* imagePickerLab */ = {
			isa = PBXNativeTarget;
			buildConfigurationList = 3AB169332343DFD300D268B9 /* Build configuration list for PBXNativeTarget "imagePickerLab" */;
			buildPhases = (
				3AB169052343DFD100D268B9 /* Sources */,
				3AB169062343DFD100D268B9 /* Frameworks */,
				3AB169072343DFD100D268B9 /* Resources */,
			);
			buildRules = (
			);
			dependencies = (
			);
			name = imagePickerLab;
			productName = imagePickerLab;
			productReference = 3AB169092343DFD100D268B9 /* imagePickerLab.app */;
			productType = "com.apple.product-type.application";
		};
		3AB1691E2343DFD300D268B9 /* imagePickerLabTests */ = {
			isa = PBXNativeTarget;
			buildConfigurationList = 3AB169362343DFD300D268B9 /* Build configuration list for PBXNativeTarget "imagePickerLabTests" */;
			buildPhases = (
				3AB1691B2343DFD300D268B9 /* Sources */,
				3AB1691C2343DFD300D268B9 /* Frameworks */,
				3AB1691D2343DFD300D268B9 /* Resources */,
			);
			buildRules = (
			);
			dependencies = (
				3AB169212343DFD300D268B9 /* PBXTargetDependency */,
			);
			name = imagePickerLabTests;
			productName = imagePickerLabTests;
			productReference = 3AB1691F2343DFD300D268B9 /* imagePickerLabTests.xctest */;
			productType = "com.apple.product-type.bundle.unit-test";
		};
		3AB169292343DFD300D268B9 /* imagePickerLabUITests */ = {
			isa = PBXNativeTarget;
			buildConfigurationList = 3AB169392343DFD300D268B9 /* Build configuration list for PBXNativeTarget "imagePickerLabUITests" */;
			buildPhases = (
				3AB169262343DFD300D268B9 /* Sources */,
				3AB169272343DFD300D268B9 /* Frameworks */,
				3AB169282343DFD300D268B9 /* Resources */,
			);
			buildRules = (
			);
			dependencies = (
				3AB1692C2343DFD300D268B9 /* PBXTargetDependency */,
			);
			name = imagePickerLabUITests;
			productName = imagePickerLabUITests;
			productReference = 3AB1692A2343DFD300D268B9 /* imagePickerLabUITests.xctest */;
			productType = "com.apple.product-type.bundle.ui-testing";
		};
/* End PBXNativeTarget section */

/* Begin PBXProject section */
		3AB169012343DFD100D268B9 /* Project object */ = {
			isa = PBXProject;
			attributes = {
				LastSwiftUpdateCheck = 1100;
				LastUpgradeCheck = 1100;
				ORGANIZATIONNAME = "Sam Roman";
				TargetAttributes = {
					3AB169082343DFD100D268B9 = {
						CreatedOnToolsVersion = 11.0;
					};
					3AB1691E2343DFD300D268B9 = {
						CreatedOnToolsVersion = 11.0;
						TestTargetID = 3AB169082343DFD100D268B9;
					};
					3AB169292343DFD300D268B9 = {
						CreatedOnToolsVersion = 11.0;
						TestTargetID = 3AB169082343DFD100D268B9;
					};
				};
			};
			buildConfigurationList = 3AB169042343DFD100D268B9 /* Build configuration list for PBXProject "imagePickerLab" */;
			compatibilityVersion = "Xcode 9.3";
			developmentRegion = en;
			hasScannedForEncodings = 0;
			knownRegions = (
				en,
				Base,
			);
			mainGroup = 3AB169002343DFD100D268B9;
			productRefGroup = 3AB1690A2343DFD100D268B9 /* Products */;
			projectDirPath = "";
			projectRoot = "";
			targets = (
				3AB169082343DFD100D268B9 /* imagePickerLab */,
				3AB1691E2343DFD300D268B9 /* imagePickerLabTests */,
				3AB169292343DFD300D268B9 /* imagePickerLabUITests */,
			);
		};
/* End PBXProject section */

/* Begin PBXResourcesBuildPhase section */
		3AB169072343DFD100D268B9 /* Resources */ = {
			isa = PBXResourcesBuildPhase;
			buildActionMask = 2147483647;
			files = (
				3AB169192343DFD300D268B9 /* LaunchScreen.storyboard in Resources */,
				3AB169162343DFD300D268B9 /* Assets.xcassets in Resources */,
				3AB169142343DFD100D268B9 /* Main.storyboard in Resources */,
			);
			runOnlyForDeploymentPostprocessing = 0;
		};
		3AB1691D2343DFD300D268B9 /* Resources */ = {
			isa = PBXResourcesBuildPhase;
			buildActionMask = 2147483647;
			files = (
			);
			runOnlyForDeploymentPostprocessing = 0;
		};
		3AB169282343DFD300D268B9 /* Resources */ = {
			isa = PBXResourcesBuildPhase;
			buildActionMask = 2147483647;
			files = (
			);
			runOnlyForDeploymentPostprocessing = 0;
		};
/* End PBXResourcesBuildPhase section */

/* Begin PBXSourcesBuildPhase section */
		3AB169052343DFD100D268B9 /* Sources */ = {
			isa = PBXSourcesBuildPhase;
			buildActionMask = 2147483647;
			files = (
				3AB169112343DFD100D268B9 /* ViewController.swift in Sources */,
				3AB1690D2343DFD100D268B9 /* AppDelegate.swift in Sources */,
				3AB1690F2343DFD100D268B9 /* SceneDelegate.swift in Sources */,
			);
			runOnlyForDeploymentPostprocessing = 0;
		};
		3AB1691B2343DFD300D268B9 /* Sources */ = {
			isa = PBXSourcesBuildPhase;
			buildActionMask = 2147483647;
			files = (
				3AB169242343DFD300D268B9 /* imagePickerLabTests.swift in Sources */,
			);
			runOnlyForDeploymentPostprocessing = 0;
		};
		3AB169262343DFD300D268B9 /* Sources */ = {
			isa = PBXSourcesBuildPhase;
			buildActionMask = 2147483647;
			files = (
				3AB1692F2343DFD300D268B9 /* imagePickerLabUITests.swift in Sources */,
			);
			runOnlyForDeploymentPostprocessing = 0;
		};
/* End PBXSourcesBuildPhase section */

/* Begin PBXTargetDependency section */
		3AB169212343DFD300D268B9 /* PBXTargetDependency */ = {
			isa = PBXTargetDependency;
			target = 3AB169082343DFD100D268B9 /* imagePickerLab */;
			targetProxy = 3AB169202343DFD300D268B9 /* PBXContainerItemProxy */;
		};
		3AB1692C2343DFD300D268B9 /* PBXTargetDependency */ = {
			isa = PBXTargetDependency;
			target = 3AB169082343DFD100D268B9 /* imagePickerLab */;
			targetProxy = 3AB1692B2343DFD300D268B9 /* PBXContainerItemProxy */;
		};
/* End PBXTargetDependency section */

/* Begin PBXVariantGroup section */
		3AB169122343DFD100D268B9 /* Main.storyboard */ = {
			isa = PBXVariantGroup;
			children = (
				3AB169132343DFD100D268B9 /* Base */,
			);
			name = Main.storyboard;
			sourceTree = "<group>";
		};
		3AB169172343DFD300D268B9 /* LaunchScreen.storyboard */ = {
			isa = PBXVariantGroup;
			children = (
				3AB169182343DFD300D268B9 /* Base */,
			);
			name = LaunchScreen.storyboard;
			sourceTree = "<group>";
		};
/* End PBXVariantGroup section */

/* Begin XCBuildConfiguration section */
		3AB169312343DFD300D268B9 /* Debug */ = {
			isa = XCBuildConfiguration;
			buildSettings = {
				ALWAYS_SEARCH_USER_PATHS = NO;
				CLANG_ANALYZER_NONNULL = YES;
				CLANG_ANALYZER_NUMBER_OBJECT_CONVERSION = YES_AGGRESSIVE;
				CLANG_CXX_LANGUAGE_STANDARD = "gnu++14";
				CLANG_CXX_LIBRARY = "libc++";
				CLANG_ENABLE_MODULES = YES;
				CLANG_ENABLE_OBJC_ARC = YES;
				CLANG_ENABLE_OBJC_WEAK = YES;
				CLANG_WARN_BLOCK_CAPTURE_AUTORELEASING = YES;
				CLANG_WARN_BOOL_CONVERSION = YES;
				CLANG_WARN_COMMA = YES;
				CLANG_WARN_CONSTANT_CONVERSION = YES;
				CLANG_WARN_DEPRECATED_OBJC_IMPLEMENTATIONS = YES;
				CLANG_WARN_DIRECT_OBJC_ISA_USAGE = YES_ERROR;
				CLANG_WARN_DOCUMENTATION_COMMENTS = YES;
				CLANG_WARN_EMPTY_BODY = YES;
				CLANG_WARN_ENUM_CONVERSION = YES;
				CLANG_WARN_INFINITE_RECURSION = YES;
				CLANG_WARN_INT_CONVERSION = YES;
				CLANG_WARN_NON_LITERAL_NULL_CONVERSION = YES;
				CLANG_WARN_OBJC_IMPLICIT_RETAIN_SELF = YES;
				CLANG_WARN_OBJC_LITERAL_CONVERSION = YES;
				CLANG_WARN_OBJC_ROOT_CLASS = YES_ERROR;
				CLANG_WARN_RANGE_LOOP_ANALYSIS = YES;
				CLANG_WARN_STRICT_PROTOTYPES = YES;
				CLANG_WARN_SUSPICIOUS_MOVE = YES;
				CLANG_WARN_UNGUARDED_AVAILABILITY = YES_AGGRESSIVE;
				CLANG_WARN_UNREACHABLE_CODE = YES;
				CLANG_WARN__DUPLICATE_METHOD_MATCH = YES;
				COPY_PHASE_STRIP = NO;
				DEBUG_INFORMATION_FORMAT = dwarf;
				ENABLE_STRICT_OBJC_MSGSEND = YES;
				ENABLE_TESTABILITY = YES;
				GCC_C_LANGUAGE_STANDARD = gnu11;
				GCC_DYNAMIC_NO_PIC = NO;
				GCC_NO_COMMON_BLOCKS = YES;
				GCC_OPTIMIZATION_LEVEL = 0;
				GCC_PREPROCESSOR_DEFINITIONS = (
					"DEBUG=1",
					"$(inherited)",
				);
				GCC_WARN_64_TO_32_BIT_CONVERSION = YES;
				GCC_WARN_ABOUT_RETURN_TYPE = YES_ERROR;
				GCC_WARN_UNDECLARED_SELECTOR = YES;
				GCC_WARN_UNINITIALIZED_AUTOS = YES_AGGRESSIVE;
				GCC_WARN_UNUSED_FUNCTION = YES;
				GCC_WARN_UNUSED_VARIABLE = YES;
				IPHONEOS_DEPLOYMENT_TARGET = 13.0;
				MTL_ENABLE_DEBUG_INFO = INCLUDE_SOURCE;
				MTL_FAST_MATH = YES;
				ONLY_ACTIVE_ARCH = YES;
				SDKROOT = iphoneos;
				SWIFT_ACTIVE_COMPILATION_CONDITIONS = DEBUG;
				SWIFT_OPTIMIZATION_LEVEL = "-Onone";
			};
			name = Debug;
		};
		3AB169322343DFD300D268B9 /* Release */ = {
			isa = XCBuildConfiguration;
			buildSettings = {
				ALWAYS_SEARCH_USER_PATHS = NO;
				CLANG_ANALYZER_NONNULL = YES;
				CLANG_ANALYZER_NUMBER_OBJECT_CONVERSION = YES_AGGRESSIVE;
				CLANG_CXX_LANGUAGE_STANDARD = "gnu++14";
				CLANG_CXX_LIBRARY = "libc++";
				CLANG_ENABLE_MODULES = YES;
				CLANG_ENABLE_OBJC_ARC = YES;
				CLANG_ENABLE_OBJC_WEAK = YES;
				CLANG_WARN_BLOCK_CAPTURE_AUTORELEASING = YES;
				CLANG_WARN_BOOL_CONVERSION = YES;
				CLANG_WARN_COMMA = YES;
				CLANG_WARN_CONSTANT_CONVERSION = YES;
				CLANG_WARN_DEPRECATED_OBJC_IMPLEMENTATIONS = YES;
				CLANG_WARN_DIRECT_OBJC_ISA_USAGE = YES_ERROR;
				CLANG_WARN_DOCUMENTATION_COMMENTS = YES;
				CLANG_WARN_EMPTY_BODY = YES;
				CLANG_WARN_ENUM_CONVERSION = YES;
				CLANG_WARN_INFINITE_RECURSION = YES;
				CLANG_WARN_INT_CONVERSION = YES;
				CLANG_WARN_NON_LITERAL_NULL_CONVERSION = YES;
				CLANG_WARN_OBJC_IMPLICIT_RETAIN_SELF = YES;
				CLANG_WARN_OBJC_LITERAL_CONVERSION = YES;
				CLANG_WARN_OBJC_ROOT_CLASS = YES_ERROR;
				CLANG_WARN_RANGE_LOOP_ANALYSIS = YES;
				CLANG_WARN_STRICT_PROTOTYPES = YES;
				CLANG_WARN_SUSPICIOUS_MOVE = YES;
				CLANG_WARN_UNGUARDED_AVAILABILITY = YES_AGGRESSIVE;
				CLANG_WARN_UNREACHABLE_CODE = YES;
				CLANG_WARN__DUPLICATE_METHOD_MATCH = YES;
				COPY_PHASE_STRIP = NO;
				DEBUG_INFORMATION_FORMAT = "dwarf-with-dsym";
				ENABLE_NS_ASSERTIONS = NO;
				ENABLE_STRICT_OBJC_MSGSEND = YES;
				GCC_C_LANGUAGE_STANDARD = gnu11;
				GCC_NO_COMMON_BLOCKS = YES;
				GCC_WARN_64_TO_32_BIT_CONVERSION = YES;
				GCC_WARN_ABOUT_RETURN_TYPE = YES_ERROR;
				GCC_WARN_UNDECLARED_SELECTOR = YES;
				GCC_WARN_UNINITIALIZED_AUTOS = YES_AGGRESSIVE;
				GCC_WARN_UNUSED_FUNCTION = YES;
				GCC_WARN_UNUSED_VARIABLE = YES;
				IPHONEOS_DEPLOYMENT_TARGET = 13.0;
				MTL_ENABLE_DEBUG_INFO = NO;
				MTL_FAST_MATH = YES;
				SDKROOT = iphoneos;
				SWIFT_COMPILATION_MODE = wholemodule;
				SWIFT_OPTIMIZATION_LEVEL = "-O";
				VALIDATE_PRODUCT = YES;
			};
			name = Release;
		};
		3AB169342343DFD300D268B9 /* Debug */ = {
			isa = XCBuildConfiguration;
			buildSettings = {
				ASSETCATALOG_COMPILER_APPICON_NAME = AppIcon;
				CODE_SIGN_STYLE = Automatic;
				DEVELOPMENT_TEAM = BHJSDBBPS7;
				INFOPLIST_FILE = imagePickerLab/Info.plist;
				LD_RUNPATH_SEARCH_PATHS = (
					"$(inherited)",
					"@executable_path/Frameworks",
				);
				PRODUCT_BUNDLE_IDENTIFIER = pursuit.imagePickerLab;
				PRODUCT_NAME = "$(TARGET_NAME)";
				SWIFT_VERSION = 5.0;
				TARGETED_DEVICE_FAMILY = "1,2";
			};
			name = Debug;
		};
		3AB169352343DFD300D268B9 /* Release */ = {
			isa = XCBuildConfiguration;
			buildSettings = {
				ASSETCATALOG_COMPILER_APPICON_NAME = AppIcon;
				CODE_SIGN_STYLE = Automatic;
				DEVELOPMENT_TEAM = BHJSDBBPS7;
				INFOPLIST_FILE = imagePickerLab/Info.plist;
				LD_RUNPATH_SEARCH_PATHS = (
					"$(inherited)",
					"@executable_path/Frameworks",
				);
				PRODUCT_BUNDLE_IDENTIFIER = pursuit.imagePickerLab;
				PRODUCT_NAME = "$(TARGET_NAME)";
				SWIFT_VERSION = 5.0;
				TARGETED_DEVICE_FAMILY = "1,2";
			};
			name = Release;
		};
		3AB169372343DFD300D268B9 /* Debug */ = {
			isa = XCBuildConfiguration;
			buildSettings = {
				ALWAYS_EMBED_SWIFT_STANDARD_LIBRARIES = YES;
				BUNDLE_LOADER = "$(TEST_HOST)";
				CODE_SIGN_STYLE = Automatic;
				DEVELOPMENT_TEAM = BHJSDBBPS7;
				INFOPLIST_FILE = imagePickerLabTests/Info.plist;
				IPHONEOS_DEPLOYMENT_TARGET = 13.0;
				LD_RUNPATH_SEARCH_PATHS = (
					"$(inherited)",
					"@executable_path/Frameworks",
					"@loader_path/Frameworks",
				);
				PRODUCT_BUNDLE_IDENTIFIER = pursuit.imagePickerLabTests;
				PRODUCT_NAME = "$(TARGET_NAME)";
				SWIFT_VERSION = 5.0;
				TARGETED_DEVICE_FAMILY = "1,2";
				TEST_HOST = "$(BUILT_PRODUCTS_DIR)/imagePickerLab.app/imagePickerLab";
			};
			name = Debug;
		};
		3AB169382343DFD300D268B9 /* Release */ = {
			isa = XCBuildConfiguration;
			buildSettings = {
				ALWAYS_EMBED_SWIFT_STANDARD_LIBRARIES = YES;
				BUNDLE_LOADER = "$(TEST_HOST)";
				CODE_SIGN_STYLE = Automatic;
				DEVELOPMENT_TEAM = BHJSDBBPS7;
				INFOPLIST_FILE = imagePickerLabTests/Info.plist;
				IPHONEOS_DEPLOYMENT_TARGET = 13.0;
				LD_RUNPATH_SEARCH_PATHS = (
					"$(inherited)",
					"@executable_path/Frameworks",
					"@loader_path/Frameworks",
				);
				PRODUCT_BUNDLE_IDENTIFIER = pursuit.imagePickerLabTests;
				PRODUCT_NAME = "$(TARGET_NAME)";
				SWIFT_VERSION = 5.0;
				TARGETED_DEVICE_FAMILY = "1,2";
				TEST_HOST = "$(BUILT_PRODUCTS_DIR)/imagePickerLab.app/imagePickerLab";
			};
			name = Release;
		};
		3AB1693A2343DFD300D268B9 /* Debug */ = {
			isa = XCBuildConfiguration;
			buildSettings = {
				ALWAYS_EMBED_SWIFT_STANDARD_LIBRARIES = YES;
				CODE_SIGN_STYLE = Automatic;
				DEVELOPMENT_TEAM = BHJSDBBPS7;
				INFOPLIST_FILE = imagePickerLabUITests/Info.plist;
				LD_RUNPATH_SEARCH_PATHS = (
					"$(inherited)",
					"@executable_path/Frameworks",
					"@loader_path/Frameworks",
				);
				PRODUCT_BUNDLE_IDENTIFIER = pursuit.imagePickerLabUITests;
				PRODUCT_NAME = "$(TARGET_NAME)";
				SWIFT_VERSION = 5.0;
				TARGETED_DEVICE_FAMILY = "1,2";
				TEST_TARGET_NAME = imagePickerLab;
			};
			name = Debug;
		};
		3AB1693B2343DFD300D268B9 /* Release */ = {
			isa = XCBuildConfiguration;
			buildSettings = {
				ALWAYS_EMBED_SWIFT_STANDARD_LIBRARIES = YES;
				CODE_SIGN_STYLE = Automatic;
				DEVELOPMENT_TEAM = BHJSDBBPS7;
				INFOPLIST_FILE = imagePickerLabUITests/Info.plist;
				LD_RUNPATH_SEARCH_PATHS = (
					"$(inherited)",
					"@executable_path/Frameworks",
					"@loader_path/Frameworks",
				);
				PRODUCT_BUNDLE_IDENTIFIER = pursuit.imagePickerLabUITests;
				PRODUCT_NAME = "$(TARGET_NAME)";
				SWIFT_VERSION = 5.0;
				TARGETED_DEVICE_FAMILY = "1,2";
				TEST_TARGET_NAME = imagePickerLab;
			};
			name = Release;
		};
/* End XCBuildConfiguration section */

/* Begin XCConfigurationList section */
		3AB169042343DFD100D268B9 /* Build configuration list for PBXProject "imagePickerLab" */ = {
			isa = XCConfigurationList;
			buildConfigurations = (
				3AB169312343DFD300D268B9 /* Debug */,
				3AB169322343DFD300D268B9 /* Release */,
			);
			defaultConfigurationIsVisible = 0;
			defaultConfigurationName = Release;
		};
		3AB169332343DFD300D268B9 /* Build configuration list for PBXNativeTarget "imagePickerLab" */ = {
			isa = XCConfigurationList;
			buildConfigurations = (
				3AB169342343DFD300D268B9 /* Debug */,
				3AB169352343DFD300D268B9 /* Release */,
			);
			defaultConfigurationIsVisible = 0;
			defaultConfigurationName = Release;
		};
		3AB169362343DFD300D268B9 /* Build configuration list for PBXNativeTarget "imagePickerLabTests" */ = {
			isa = XCConfigurationList;
			buildConfigurations = (
				3AB169372343DFD300D268B9 /* Debug */,
				3AB169382343DFD300D268B9 /* Release */,
			);
			defaultConfigurationIsVisible = 0;
			defaultConfigurationName = Release;
		};
		3AB169392343DFD300D268B9 /* Build configuration list for PBXNativeTarget "imagePickerLabUITests" */ = {
			isa = XCConfigurationList;
			buildConfigurations = (
				3AB1693A2343DFD300D268B9 /* Debug */,
				3AB1693B2343DFD300D268B9 /* Release */,
			);
			defaultConfigurationIsVisible = 0;
			defaultConfigurationName = Release;
		};
/* End XCConfigurationList section */
	};
	rootObject = 3AB169012343DFD100D268B9 /* Project object */;
}
